
Microsoft Visual Studio Solution File, Format Version 12.00
# Visual Studio Version 17
VisualStudioVersion = 17.6.33801.468
MinimumVisualStudioVersion = 10.0.40219.1
Project("{FAE04EC0-301F-11D3-BF4B-00C04F79EFBC}") = "ConsoleApp2", "ConsoleApp2\ConsoleApp2.csproj", "{572E86CC-AF6C-42EB-B719-CDCB62C8B429}"
EndProject
Global
	GlobalSection(SolutionConfigurationPlatforms) = preSolution
		Debug|Any CPU = Debug|Any CPU
		Release|Any CPU = Release|Any CPU
	EndGlobalSection
	GlobalSection(ProjectConfigurationPlatforms) = postSolution
		{572E86CC-AF6C-42EB-B719-CDCB62C8B429}.Debug|Any CPU.ActiveCfg = Debug|Any CPU
		{572E86CC-AF6C-42EB-B719-CDCB62C8B429}.Debug|Any CPU.Build.0 = Debug|Any CPU
		{572E86CC-AF6C-42EB-B719-CDCB62C8B429}.Release|Any CPU.ActiveCfg = Release|Any CPU
		{572E86CC-AF6C-42EB-B719-CDCB62C8B429}.Release|Any CPU.Build.0 = Release|Any CPU
	EndGlobalSection
	GlobalSection(SolutionProperties) = preSolution
		HideSolutionNode = FALSE
	EndGlobalSection
	GlobalSection(ExtensibilityGlobals) = postSolution
		SolutionGuid = {4929741D-75F2-4BD6-A2D9-3A668E3A603C}
	EndGlobalSection
EndGlobal
