
Microsoft Visual Studio Solution File, Format Version 12.00
# Visual Studio Version 17
VisualStudioVersion = 17.6.33801.468
MinimumVisualStudioVersion = 10.0.40219.1
Project("{9A19103F-16F7-4668-BE54-9A1E7A4F7556}") = "DalTest", "DalTest\DalTest.csproj", "{A397E265-48E4-4C4E-AC8A-326CA7AD47A7}"
EndProject
Project("{9A19103F-16F7-4668-BE54-9A1E7A4F7556}") = "DalFacade", "DalFacade\DalFacade.csproj", "{0DBF5AAC-854F-490D-AD72-F5667AA3475D}"
EndProject
Project("{9A19103F-16F7-4668-BE54-9A1E7A4F7556}") = "DalList", "DalList\DalList.csproj", "{D1A48B98-14CD-4A8B-8875-9A40A36013DD}"
EndProject
Project("{9A19103F-16F7-4668-BE54-9A1E7A4F7556}") = "Tools", "Tools\Tools.csproj", "{FE10017A-060A-4FFE-8D37-13A3FA29EFB6}"
EndProject
Project("{2150E333-8FDC-42A3-9474-1A3956D46DE8}") = "xml", "xml", "{9C0B8F2D-E11B-4758-8A40-81B26129182A}"
	ProjectSection(SolutionItems) = preProject
		xml\customers.xml = xml\customers.xml
		xml\dal-config.xml = xml\dal-config.xml
		xml\data-config.xml = xml\data-config.xml
		xml\products.xml = xml\products.xml
		xml\sales.xml = xml\sales.xml
	EndProjectSection
EndProject
Project("{9A19103F-16F7-4668-BE54-9A1E7A4F7556}") = "BL", "BL\BL.csproj", "{0E433385-EE72-4F26-88BC-A6F1FC5B0CDA}"
EndProject
Project("{9A19103F-16F7-4668-BE54-9A1E7A4F7556}") = "BlTest", "BlTest\BlTest.csproj", "{0B1C1F65-12A3-4B08-97D0-24DEF0122B2D}"
EndProject
Project("{9A19103F-16F7-4668-BE54-9A1E7A4F7556}") = "UI", "UI\UI.csproj", "{39541D3C-A8FC-4857-87E6-6958FED74BB9}"
EndProject
Project("{9A19103F-16F7-4668-BE54-9A1E7A4F7556}") = "DalXml", "DalXml\DalXml.csproj", "{668FED32-AFEB-4652-A2E2-E8BE7588BE94}"
EndProject
Project("{2150E333-8FDC-42A3-9474-1A3956D46DE8}") = "Solution Items", "Solution Items", "{F837CA86-5485-48B2-9488-AD88A1CE8C65}"
	ProjectSection(SolutionItems) = preProject
		README (1).md = README (1).md
	EndProjectSection
EndProject
Global
	GlobalSection(SolutionConfigurationPlatforms) = preSolution
		Debug|Any CPU = Debug|Any CPU
		Release|Any CPU = Release|Any CPU
	EndGlobalSection
	GlobalSection(ProjectConfigurationPlatforms) = postSolution
		{A397E265-48E4-4C4E-AC8A-326CA7AD47A7}.Debug|Any CPU.ActiveCfg = Debug|Any CPU
		{A397E265-48E4-4C4E-AC8A-326CA7AD47A7}.Debug|Any CPU.Build.0 = Debug|Any CPU
		{A397E265-48E4-4C4E-AC8A-326CA7AD47A7}.Release|Any CPU.ActiveCfg = Release|Any CPU
		{A397E265-48E4-4C4E-AC8A-326CA7AD47A7}.Release|Any CPU.Build.0 = Release|Any CPU
		{0DBF5AAC-854F-490D-AD72-F5667AA3475D}.Debug|Any CPU.ActiveCfg = Debug|Any CPU
		{0DBF5AAC-854F-490D-AD72-F5667AA3475D}.Debug|Any CPU.Build.0 = Debug|Any CPU
		{0DBF5AAC-854F-490D-AD72-F5667AA3475D}.Release|Any CPU.ActiveCfg = Release|Any CPU
		{0DBF5AAC-854F-490D-AD72-F5667AA3475D}.Release|Any CPU.Build.0 = Release|Any CPU
		{D1A48B98-14CD-4A8B-8875-9A40A36013DD}.Debug|Any CPU.ActiveCfg = Debug|Any CPU
		{D1A48B98-14CD-4A8B-8875-9A40A36013DD}.Debug|Any CPU.Build.0 = Debug|Any CPU
		{D1A48B98-14CD-4A8B-8875-9A40A36013DD}.Release|Any CPU.ActiveCfg = Release|Any CPU
		{D1A48B98-14CD-4A8B-8875-9A40A36013DD}.Release|Any CPU.Build.0 = Release|Any CPU
		{FE10017A-060A-4FFE-8D37-13A3FA29EFB6}.Debug|Any CPU.ActiveCfg = Debug|Any CPU
		{FE10017A-060A-4FFE-8D37-13A3FA29EFB6}.Debug|Any CPU.Build.0 = Debug|Any CPU
		{FE10017A-060A-4FFE-8D37-13A3FA29EFB6}.Release|Any CPU.ActiveCfg = Release|Any CPU
		{FE10017A-060A-4FFE-8D37-13A3FA29EFB6}.Release|Any CPU.Build.0 = Release|Any CPU
		{0E433385-EE72-4F26-88BC-A6F1FC5B0CDA}.Debug|Any CPU.ActiveCfg = Debug|Any CPU
		{0E433385-EE72-4F26-88BC-A6F1FC5B0CDA}.Debug|Any CPU.Build.0 = Debug|Any CPU
		{0E433385-EE72-4F26-88BC-A6F1FC5B0CDA}.Release|Any CPU.ActiveCfg = Release|Any CPU
		{0E433385-EE72-4F26-88BC-A6F1FC5B0CDA}.Release|Any CPU.Build.0 = Release|Any CPU
		{0B1C1F65-12A3-4B08-97D0-24DEF0122B2D}.Debug|Any CPU.ActiveCfg = Debug|Any CPU
		{0B1C1F65-12A3-4B08-97D0-24DEF0122B2D}.Debug|Any CPU.Build.0 = Debug|Any CPU
		{0B1C1F65-12A3-4B08-97D0-24DEF0122B2D}.Release|Any CPU.ActiveCfg = Release|Any CPU
		{0B1C1F65-12A3-4B08-97D0-24DEF0122B2D}.Release|Any CPU.Build.0 = Release|Any CPU
		{39541D3C-A8FC-4857-87E6-6958FED74BB9}.Debug|Any CPU.ActiveCfg = Debug|Any CPU
		{39541D3C-A8FC-4857-87E6-6958FED74BB9}.Debug|Any CPU.Build.0 = Debug|Any CPU
		{39541D3C-A8FC-4857-87E6-6958FED74BB9}.Release|Any CPU.ActiveCfg = Release|Any CPU
		{39541D3C-A8FC-4857-87E6-6958FED74BB9}.Release|Any CPU.Build.0 = Release|Any CPU
		{668FED32-AFEB-4652-A2E2-E8BE7588BE94}.Debug|Any CPU.ActiveCfg = Debug|Any CPU
		{668FED32-AFEB-4652-A2E2-E8BE7588BE94}.Debug|Any CPU.Build.0 = Debug|Any CPU
		{668FED32-AFEB-4652-A2E2-E8BE7588BE94}.Release|Any CPU.ActiveCfg = Release|Any CPU
		{668FED32-AFEB-4652-A2E2-E8BE7588BE94}.Release|Any CPU.Build.0 = Release|Any CPU
	EndGlobalSection
	GlobalSection(SolutionProperties) = preSolution
		HideSolutionNode = FALSE
	EndGlobalSection
	GlobalSection(ExtensibilityGlobals) = postSolution
		SolutionGuid = {95E0DC14-48E2-40F7-B90C-47A36D48061C}
	EndGlobalSection
EndGlobal
